
Microsoft Visual Studio Solution File, Format Version 12.00
Project("{2150E333-8FDC-42A3-9474-1A3956D46DE8}") = "UI", "UI", "{F3C5B012-B064-4BFA-9219-A4124BB6B4B6}"
EndProject
Project("{FAE04EC0-301F-11D3-BF4B-00C04F79EFBC}") = "UICore", "UICore\UICore.csproj", "{2BD4523B-A833-490E-932F-2C757CABE15D}"
EndProject
Project("{FAE04EC0-301F-11D3-BF4B-00C04F79EFBC}") = "AvaloniaUI", "AvaloniaUI\AvaloniaUI.csproj", "{21F646E4-38BA-4DEA-A664-9BFB02A24330}"
EndProject
Global
	GlobalSection(SolutionConfigurationPlatforms) = preSolution
		Debug|Any CPU = Debug|Any CPU
		Release|Any CPU = Release|Any CPU
	EndGlobalSection
	GlobalSection(ProjectConfigurationPlatforms) = postSolution
		{2BD4523B-A833-490E-932F-2C757CABE15D}.Debug|Any CPU.ActiveCfg = Debug|Any CPU
		{2BD4523B-A833-490E-932F-2C757CABE15D}.Debug|Any CPU.Build.0 = Debug|Any CPU
		{2BD4523B-A833-490E-932F-2C757CABE15D}.Release|Any CPU.ActiveCfg = Release|Any CPU
		{2BD4523B-A833-490E-932F-2C757CABE15D}.Release|Any CPU.Build.0 = Release|Any CPU
		{21F646E4-38BA-4DEA-A664-9BFB02A24330}.Debug|Any CPU.ActiveCfg = Debug|Any CPU
		{21F646E4-38BA-4DEA-A664-9BFB02A24330}.Debug|Any CPU.Build.0 = Debug|Any CPU
		{21F646E4-38BA-4DEA-A664-9BFB02A24330}.Release|Any CPU.ActiveCfg = Release|Any CPU
		{21F646E4-38BA-4DEA-A664-9BFB02A24330}.Release|Any CPU.Build.0 = Release|Any CPU
	EndGlobalSection
	GlobalSection(NestedProjects) = preSolution
		{2BD4523B-A833-490E-932F-2C757CABE15D} = {F3C5B012-B064-4BFA-9219-A4124BB6B4B6}
		{21F646E4-38BA-4DEA-A664-9BFB02A24330} = {F3C5B012-B064-4BFA-9219-A4124BB6B4B6}
	EndGlobalSection
EndGlobal
